
Microsoft Visual Studio Solution File, Format Version 10.00
# Visual C# Express 2008
Project("{FAE04EC0-301F-11D3-BF4B-00C04F79EFBC}") = "Squared.Task", "TaskLib\Squared.Task.csproj", "{173ABDCA-7278-46FF-A300-D3BF8CCEF181}"
EndProject
Project("{FAE04EC0-301F-11D3-BF4B-00C04F79EFBC}") = "TelnetChatServer", "Examples\TelnetChatServer\TelnetChatServer.csproj", "{CAF883E1-28D4-45C1-AF73-2E2BAA439390}"
EndProject
Project("{FAE04EC0-301F-11D3-BF4B-00C04F79EFBC}") = "TelnetChatBot", "Examples\TelnetChatBot\TelnetChatBot.csproj", "{F0915EA9-A52F-4EAA-A3AA-7D992B3F6AED}"
EndProject
Project("{FAE04EC0-301F-11D3-BF4B-00C04F79EFBC}") = "MUDServer", "Examples\MUDServer\MUDServer.csproj", "{624F0727-FB9E-4BC1-972E-6E26CDA66479}"
EndProject
Project("{FAE04EC0-301F-11D3-BF4B-00C04F79EFBC}") = "TaskLibTests", "TaskLib\TaskLibTests\TaskLibTests.csproj", "{9A7399F1-4410-4A4B-A04A-EC25D06FF244}"
EndProject
Project("{FAE04EC0-301F-11D3-BF4B-00C04F79EFBC}") = "MUDServerTests", "Examples\MUDServer\MUDServerTests\MUDServerTests.csproj", "{FCBD4043-43A8-494E-948F-8F0C8ED979AE}"
EndProject
Project("{FAE04EC0-301F-11D3-BF4B-00C04F79EFBC}") = "Squared.Util", "Util\Squared.Util.csproj", "{D7F549CF-E0A6-491C-A78C-ECAB590BB2A7}"
EndProject
Project("{FAE04EC0-301F-11D3-BF4B-00C04F79EFBC}") = "UtilTests", "Util\UtilTests\UtilTests.csproj", "{4A2F0B6A-5A15-421B-B541-0639CCCB62B7}"
EndProject
Project("{FAE04EC0-301F-11D3-BF4B-00C04F79EFBC}") = "Squared.Task_360", "360\TaskLib360\Squared.Task_360.csproj", "{9B3BBCFC-E5BB-40E3-ADEA-C88DDF2140C9}"
EndProject
Project("{FAE04EC0-301F-11D3-BF4B-00C04F79EFBC}") = "Squared.Util_360", "360\Util360\Squared.Util_360.csproj", "{BE3F46D8-C55A-4AC4-BCA7-D5CF9F3668E6}"
EndProject
Project("{FAE04EC0-301F-11D3-BF4B-00C04F79EFBC}") = "XnaGameTest", "Tests\XnaGameTest\XnaGameTest.csproj", "{9C533498-7BD7-4234-9201-197082957A50}"
EndProject
Project("{FAE04EC0-301F-11D3-BF4B-00C04F79EFBC}") = "XnaGameTest360", "Tests\XnaGameTest\XnaGameTest360.csproj", "{08EC1204-8546-4A5F-BB7E-91856FA76D3F}"
EndProject
Project("{FAE04EC0-301F-11D3-BF4B-00C04F79EFBC}") = "Squared.Game", "GameLib\Squared.Game.csproj", "{36463AEE-E309-43A6-BCFA-A69944390AF0}"
EndProject
Project("{FAE04EC0-301F-11D3-BF4B-00C04F79EFBC}") = "Squared.Game_360", "GameLib\Squared.Game_360.csproj", "{79D3EA69-8C39-4A76-B9A6-8D7F443097E0}"
EndProject
Project("{FAE04EC0-301F-11D3-BF4B-00C04F79EFBC}") = "GameTests", "GameLib\GameTests\GameTests.csproj", "{6C518754-C6CD-4094-94C2-E624B7F4E5B3}"
EndProject
Global
	GlobalSection(SolutionConfigurationPlatforms) = preSolution
		Debug|Any CPU = Debug|Any CPU
		Debug|Mixed Platforms = Debug|Mixed Platforms
		Debug|x86 = Debug|x86
		Debug|Xbox 360 = Debug|Xbox 360
		Release|Any CPU = Release|Any CPU
		Release|Mixed Platforms = Release|Mixed Platforms
		Release|x86 = Release|x86
		Release|Xbox 360 = Release|Xbox 360
	EndGlobalSection
	GlobalSection(ProjectConfigurationPlatforms) = postSolution
		{173ABDCA-7278-46FF-A300-D3BF8CCEF181}.Debug|Any CPU.ActiveCfg = Debug|Any CPU
		{173ABDCA-7278-46FF-A300-D3BF8CCEF181}.Debug|Any CPU.Build.0 = Debug|Any CPU
		{173ABDCA-7278-46FF-A300-D3BF8CCEF181}.Debug|Mixed Platforms.ActiveCfg = Debug|Any CPU
		{173ABDCA-7278-46FF-A300-D3BF8CCEF181}.Debug|Mixed Platforms.Build.0 = Debug|Any CPU
		{173ABDCA-7278-46FF-A300-D3BF8CCEF181}.Debug|x86.ActiveCfg = Debug|x86
		{173ABDCA-7278-46FF-A300-D3BF8CCEF181}.Debug|x86.Build.0 = Debug|x86
		{173ABDCA-7278-46FF-A300-D3BF8CCEF181}.Debug|Xbox 360.ActiveCfg = Debug|Any CPU
		{173ABDCA-7278-46FF-A300-D3BF8CCEF181}.Debug|Xbox 360.Build.0 = Debug|Any CPU
		{173ABDCA-7278-46FF-A300-D3BF8CCEF181}.Release|Any CPU.ActiveCfg = Release|Any CPU
		{173ABDCA-7278-46FF-A300-D3BF8CCEF181}.Release|Any CPU.Build.0 = Release|Any CPU
		{173ABDCA-7278-46FF-A300-D3BF8CCEF181}.Release|Mixed Platforms.ActiveCfg = Release|Any CPU
		{173ABDCA-7278-46FF-A300-D3BF8CCEF181}.Release|Mixed Platforms.Build.0 = Release|Any CPU
		{173ABDCA-7278-46FF-A300-D3BF8CCEF181}.Release|x86.ActiveCfg = Release|Any CPU
		{173ABDCA-7278-46FF-A300-D3BF8CCEF181}.Release|Xbox 360.ActiveCfg = Release|Any CPU
		{CAF883E1-28D4-45C1-AF73-2E2BAA439390}.Debug|Any CPU.ActiveCfg = Debug|Any CPU
		{CAF883E1-28D4-45C1-AF73-2E2BAA439390}.Debug|Any CPU.Build.0 = Debug|Any CPU
		{CAF883E1-28D4-45C1-AF73-2E2BAA439390}.Debug|Mixed Platforms.ActiveCfg = Debug|Any CPU
		{CAF883E1-28D4-45C1-AF73-2E2BAA439390}.Debug|Mixed Platforms.Build.0 = Debug|Any CPU
		{CAF883E1-28D4-45C1-AF73-2E2BAA439390}.Debug|x86.ActiveCfg = Debug|x86
		{CAF883E1-28D4-45C1-AF73-2E2BAA439390}.Debug|x86.Build.0 = Debug|x86
		{CAF883E1-28D4-45C1-AF73-2E2BAA439390}.Debug|Xbox 360.ActiveCfg = Debug|Any CPU
		{CAF883E1-28D4-45C1-AF73-2E2BAA439390}.Release|Any CPU.ActiveCfg = Release|Any CPU
		{CAF883E1-28D4-45C1-AF73-2E2BAA439390}.Release|Any CPU.Build.0 = Release|Any CPU
		{CAF883E1-28D4-45C1-AF73-2E2BAA439390}.Release|Mixed Platforms.ActiveCfg = Release|Any CPU
		{CAF883E1-28D4-45C1-AF73-2E2BAA439390}.Release|Mixed Platforms.Build.0 = Release|Any CPU
		{CAF883E1-28D4-45C1-AF73-2E2BAA439390}.Release|x86.ActiveCfg = Release|Any CPU
		{CAF883E1-28D4-45C1-AF73-2E2BAA439390}.Release|Xbox 360.ActiveCfg = Release|Any CPU
		{F0915EA9-A52F-4EAA-A3AA-7D992B3F6AED}.Debug|Any CPU.ActiveCfg = Debug|Any CPU
		{F0915EA9-A52F-4EAA-A3AA-7D992B3F6AED}.Debug|Any CPU.Build.0 = Debug|Any CPU
		{F0915EA9-A52F-4EAA-A3AA-7D992B3F6AED}.Debug|Mixed Platforms.ActiveCfg = Debug|Any CPU
		{F0915EA9-A52F-4EAA-A3AA-7D992B3F6AED}.Debug|Mixed Platforms.Build.0 = Debug|Any CPU
		{F0915EA9-A52F-4EAA-A3AA-7D992B3F6AED}.Debug|x86.ActiveCfg = Debug|x86
		{F0915EA9-A52F-4EAA-A3AA-7D992B3F6AED}.Debug|x86.Build.0 = Debug|x86
		{F0915EA9-A52F-4EAA-A3AA-7D992B3F6AED}.Debug|Xbox 360.ActiveCfg = Debug|Any CPU
		{F0915EA9-A52F-4EAA-A3AA-7D992B3F6AED}.Release|Any CPU.ActiveCfg = Release|Any CPU
		{F0915EA9-A52F-4EAA-A3AA-7D992B3F6AED}.Release|Any CPU.Build.0 = Release|Any CPU
		{F0915EA9-A52F-4EAA-A3AA-7D992B3F6AED}.Release|Mixed Platforms.ActiveCfg = Release|Any CPU
		{F0915EA9-A52F-4EAA-A3AA-7D992B3F6AED}.Release|Mixed Platforms.Build.0 = Release|Any CPU
		{F0915EA9-A52F-4EAA-A3AA-7D992B3F6AED}.Release|x86.ActiveCfg = Release|Any CPU
		{F0915EA9-A52F-4EAA-A3AA-7D992B3F6AED}.Release|Xbox 360.ActiveCfg = Release|Any CPU
		{624F0727-FB9E-4BC1-972E-6E26CDA66479}.Debug|Any CPU.ActiveCfg = Debug|Any CPU
		{624F0727-FB9E-4BC1-972E-6E26CDA66479}.Debug|Any CPU.Build.0 = Debug|Any CPU
		{624F0727-FB9E-4BC1-972E-6E26CDA66479}.Debug|Mixed Platforms.ActiveCfg = Debug|Any CPU
		{624F0727-FB9E-4BC1-972E-6E26CDA66479}.Debug|Mixed Platforms.Build.0 = Debug|Any CPU
		{624F0727-FB9E-4BC1-972E-6E26CDA66479}.Debug|x86.ActiveCfg = Debug|x86
		{624F0727-FB9E-4BC1-972E-6E26CDA66479}.Debug|x86.Build.0 = Debug|x86
		{624F0727-FB9E-4BC1-972E-6E26CDA66479}.Debug|Xbox 360.ActiveCfg = Debug|Any CPU
		{624F0727-FB9E-4BC1-972E-6E26CDA66479}.Release|Any CPU.ActiveCfg = Release|Any CPU
		{624F0727-FB9E-4BC1-972E-6E26CDA66479}.Release|Any CPU.Build.0 = Release|Any CPU
		{624F0727-FB9E-4BC1-972E-6E26CDA66479}.Release|Mixed Platforms.ActiveCfg = Release|Any CPU
		{624F0727-FB9E-4BC1-972E-6E26CDA66479}.Release|Mixed Platforms.Build.0 = Release|Any CPU
		{624F0727-FB9E-4BC1-972E-6E26CDA66479}.Release|x86.ActiveCfg = Release|Any CPU
		{624F0727-FB9E-4BC1-972E-6E26CDA66479}.Release|Xbox 360.ActiveCfg = Release|Any CPU
		{9A7399F1-4410-4A4B-A04A-EC25D06FF244}.Debug|Any CPU.ActiveCfg = Debug|Any CPU
		{9A7399F1-4410-4A4B-A04A-EC25D06FF244}.Debug|Any CPU.Build.0 = Debug|Any CPU
		{9A7399F1-4410-4A4B-A04A-EC25D06FF244}.Debug|Mixed Platforms.ActiveCfg = Debug|Any CPU
		{9A7399F1-4410-4A4B-A04A-EC25D06FF244}.Debug|Mixed Platforms.Build.0 = Debug|Any CPU
		{9A7399F1-4410-4A4B-A04A-EC25D06FF244}.Debug|x86.ActiveCfg = Debug|x86
		{9A7399F1-4410-4A4B-A04A-EC25D06FF244}.Debug|x86.Build.0 = Debug|x86
		{9A7399F1-4410-4A4B-A04A-EC25D06FF244}.Debug|Xbox 360.ActiveCfg = Debug|Any CPU
		{9A7399F1-4410-4A4B-A04A-EC25D06FF244}.Release|Any CPU.ActiveCfg = Release|Any CPU
		{9A7399F1-4410-4A4B-A04A-EC25D06FF244}.Release|Any CPU.Build.0 = Release|Any CPU
		{9A7399F1-4410-4A4B-A04A-EC25D06FF244}.Release|Mixed Platforms.ActiveCfg = Release|Any CPU
		{9A7399F1-4410-4A4B-A04A-EC25D06FF244}.Release|Mixed Platforms.Build.0 = Release|Any CPU
		{9A7399F1-4410-4A4B-A04A-EC25D06FF244}.Release|x86.ActiveCfg = Release|Any CPU
		{9A7399F1-4410-4A4B-A04A-EC25D06FF244}.Release|Xbox 360.ActiveCfg = Release|Any CPU
		{FCBD4043-43A8-494E-948F-8F0C8ED979AE}.Debug|Any CPU.ActiveCfg = Debug|Any CPU
		{FCBD4043-43A8-494E-948F-8F0C8ED979AE}.Debug|Any CPU.Build.0 = Debug|Any CPU
		{FCBD4043-43A8-494E-948F-8F0C8ED979AE}.Debug|Mixed Platforms.ActiveCfg = Debug|Any CPU
		{FCBD4043-43A8-494E-948F-8F0C8ED979AE}.Debug|Mixed Platforms.Build.0 = Debug|Any CPU
		{FCBD4043-43A8-494E-948F-8F0C8ED979AE}.Debug|x86.ActiveCfg = Debug|x86
		{FCBD4043-43A8-494E-948F-8F0C8ED979AE}.Debug|x86.Build.0 = Debug|x86
		{FCBD4043-43A8-494E-948F-8F0C8ED979AE}.Debug|Xbox 360.ActiveCfg = Debug|Any CPU
		{FCBD4043-43A8-494E-948F-8F0C8ED979AE}.Release|Any CPU.ActiveCfg = Release|Any CPU
		{FCBD4043-43A8-494E-948F-8F0C8ED979AE}.Release|Any CPU.Build.0 = Release|Any CPU
		{FCBD4043-43A8-494E-948F-8F0C8ED979AE}.Release|Mixed Platforms.ActiveCfg = Release|Any CPU
		{FCBD4043-43A8-494E-948F-8F0C8ED979AE}.Release|Mixed Platforms.Build.0 = Release|Any CPU
		{FCBD4043-43A8-494E-948F-8F0C8ED979AE}.Release|x86.ActiveCfg = Release|Any CPU
		{FCBD4043-43A8-494E-948F-8F0C8ED979AE}.Release|Xbox 360.ActiveCfg = Release|Any CPU
		{D7F549CF-E0A6-491C-A78C-ECAB590BB2A7}.Debug|Any CPU.ActiveCfg = Debug|Any CPU
		{D7F549CF-E0A6-491C-A78C-ECAB590BB2A7}.Debug|Any CPU.Build.0 = Debug|Any CPU
		{D7F549CF-E0A6-491C-A78C-ECAB590BB2A7}.Debug|Mixed Platforms.ActiveCfg = Debug|Any CPU
		{D7F549CF-E0A6-491C-A78C-ECAB590BB2A7}.Debug|Mixed Platforms.Build.0 = Debug|Any CPU
		{D7F549CF-E0A6-491C-A78C-ECAB590BB2A7}.Debug|x86.ActiveCfg = Debug|x86
		{D7F549CF-E0A6-491C-A78C-ECAB590BB2A7}.Debug|x86.Build.0 = Debug|x86
		{D7F549CF-E0A6-491C-A78C-ECAB590BB2A7}.Debug|Xbox 360.ActiveCfg = Debug|Any CPU
		{D7F549CF-E0A6-491C-A78C-ECAB590BB2A7}.Debug|Xbox 360.Build.0 = Debug|Any CPU
		{D7F549CF-E0A6-491C-A78C-ECAB590BB2A7}.Release|Any CPU.ActiveCfg = Release|Any CPU
		{D7F549CF-E0A6-491C-A78C-ECAB590BB2A7}.Release|Any CPU.Build.0 = Release|Any CPU
		{D7F549CF-E0A6-491C-A78C-ECAB590BB2A7}.Release|Mixed Platforms.ActiveCfg = Release|Any CPU
		{D7F549CF-E0A6-491C-A78C-ECAB590BB2A7}.Release|Mixed Platforms.Build.0 = Release|Any CPU
		{D7F549CF-E0A6-491C-A78C-ECAB590BB2A7}.Release|x86.ActiveCfg = Release|Any CPU
		{D7F549CF-E0A6-491C-A78C-ECAB590BB2A7}.Release|Xbox 360.ActiveCfg = Release|Any CPU
		{4A2F0B6A-5A15-421B-B541-0639CCCB62B7}.Debug|Any CPU.ActiveCfg = Debug|Any CPU
		{4A2F0B6A-5A15-421B-B541-0639CCCB62B7}.Debug|Any CPU.Build.0 = Debug|Any CPU
		{4A2F0B6A-5A15-421B-B541-0639CCCB62B7}.Debug|Mixed Platforms.ActiveCfg = Debug|Any CPU
		{4A2F0B6A-5A15-421B-B541-0639CCCB62B7}.Debug|Mixed Platforms.Build.0 = Debug|Any CPU
		{4A2F0B6A-5A15-421B-B541-0639CCCB62B7}.Debug|x86.ActiveCfg = Debug|x86
		{4A2F0B6A-5A15-421B-B541-0639CCCB62B7}.Debug|x86.Build.0 = Debug|x86
		{4A2F0B6A-5A15-421B-B541-0639CCCB62B7}.Debug|Xbox 360.ActiveCfg = Debug|Any CPU
		{4A2F0B6A-5A15-421B-B541-0639CCCB62B7}.Release|Any CPU.ActiveCfg = Release|Any CPU
		{4A2F0B6A-5A15-421B-B541-0639CCCB62B7}.Release|Any CPU.Build.0 = Release|Any CPU
		{4A2F0B6A-5A15-421B-B541-0639CCCB62B7}.Release|Mixed Platforms.ActiveCfg = Release|Any CPU
		{4A2F0B6A-5A15-421B-B541-0639CCCB62B7}.Release|Mixed Platforms.Build.0 = Release|Any CPU
		{4A2F0B6A-5A15-421B-B541-0639CCCB62B7}.Release|x86.ActiveCfg = Release|Any CPU
		{4A2F0B6A-5A15-421B-B541-0639CCCB62B7}.Release|Xbox 360.ActiveCfg = Release|Any CPU
		{9B3BBCFC-E5BB-40E3-ADEA-C88DDF2140C9}.Debug|Any CPU.ActiveCfg = Debug|Xbox 360
		{9B3BBCFC-E5BB-40E3-ADEA-C88DDF2140C9}.Debug|Mixed Platforms.ActiveCfg = Debug|Xbox 360
		{9B3BBCFC-E5BB-40E3-ADEA-C88DDF2140C9}.Debug|Mixed Platforms.Build.0 = Debug|Xbox 360
		{9B3BBCFC-E5BB-40E3-ADEA-C88DDF2140C9}.Debug|x86.ActiveCfg = Debug|Xbox 360
		{9B3BBCFC-E5BB-40E3-ADEA-C88DDF2140C9}.Debug|Xbox 360.ActiveCfg = Debug|Xbox 360
		{9B3BBCFC-E5BB-40E3-ADEA-C88DDF2140C9}.Debug|Xbox 360.Build.0 = Debug|Xbox 360
		{9B3BBCFC-E5BB-40E3-ADEA-C88DDF2140C9}.Release|Any CPU.ActiveCfg = Release|Xbox 360
		{9B3BBCFC-E5BB-40E3-ADEA-C88DDF2140C9}.Release|Mixed Platforms.ActiveCfg = Release|Xbox 360
		{9B3BBCFC-E5BB-40E3-ADEA-C88DDF2140C9}.Release|Mixed Platforms.Build.0 = Release|Xbox 360
		{9B3BBCFC-E5BB-40E3-ADEA-C88DDF2140C9}.Release|x86.ActiveCfg = Release|Xbox 360
		{9B3BBCFC-E5BB-40E3-ADEA-C88DDF2140C9}.Release|Xbox 360.ActiveCfg = Release|Xbox 360
		{9B3BBCFC-E5BB-40E3-ADEA-C88DDF2140C9}.Release|Xbox 360.Build.0 = Release|Xbox 360
		{BE3F46D8-C55A-4AC4-BCA7-D5CF9F3668E6}.Debug|Any CPU.ActiveCfg = Debug|Xbox 360
		{BE3F46D8-C55A-4AC4-BCA7-D5CF9F3668E6}.Debug|Mixed Platforms.ActiveCfg = Debug|Xbox 360
		{BE3F46D8-C55A-4AC4-BCA7-D5CF9F3668E6}.Debug|Mixed Platforms.Build.0 = Debug|Xbox 360
		{BE3F46D8-C55A-4AC4-BCA7-D5CF9F3668E6}.Debug|x86.ActiveCfg = Debug|Xbox 360
		{BE3F46D8-C55A-4AC4-BCA7-D5CF9F3668E6}.Debug|Xbox 360.ActiveCfg = Debug|Xbox 360
		{BE3F46D8-C55A-4AC4-BCA7-D5CF9F3668E6}.Debug|Xbox 360.Build.0 = Debug|Xbox 360
		{BE3F46D8-C55A-4AC4-BCA7-D5CF9F3668E6}.Release|Any CPU.ActiveCfg = Release|Xbox 360
		{BE3F46D8-C55A-4AC4-BCA7-D5CF9F3668E6}.Release|Mixed Platforms.ActiveCfg = Release|Xbox 360
		{BE3F46D8-C55A-4AC4-BCA7-D5CF9F3668E6}.Release|Mixed Platforms.Build.0 = Release|Xbox 360
		{BE3F46D8-C55A-4AC4-BCA7-D5CF9F3668E6}.Release|x86.ActiveCfg = Release|Xbox 360
		{BE3F46D8-C55A-4AC4-BCA7-D5CF9F3668E6}.Release|Xbox 360.ActiveCfg = Release|Xbox 360
		{BE3F46D8-C55A-4AC4-BCA7-D5CF9F3668E6}.Release|Xbox 360.Build.0 = Release|Xbox 360
		{9C533498-7BD7-4234-9201-197082957A50}.Debug|Any CPU.ActiveCfg = Debug|x86
		{9C533498-7BD7-4234-9201-197082957A50}.Debug|Any CPU.Build.0 = Debug|x86
		{9C533498-7BD7-4234-9201-197082957A50}.Debug|Mixed Platforms.ActiveCfg = Debug|x86
		{9C533498-7BD7-4234-9201-197082957A50}.Debug|Mixed Platforms.Build.0 = Debug|x86
		{9C533498-7BD7-4234-9201-197082957A50}.Debug|x86.ActiveCfg = Debug|x86
		{9C533498-7BD7-4234-9201-197082957A50}.Debug|x86.Build.0 = Debug|x86
		{9C533498-7BD7-4234-9201-197082957A50}.Debug|Xbox 360.ActiveCfg = Debug|x86
		{9C533498-7BD7-4234-9201-197082957A50}.Debug|Xbox 360.Build.0 = Debug|x86
		{9C533498-7BD7-4234-9201-197082957A50}.Release|Any CPU.ActiveCfg = Release|x86
		{9C533498-7BD7-4234-9201-197082957A50}.Release|Mixed Platforms.ActiveCfg = Release|x86
		{9C533498-7BD7-4234-9201-197082957A50}.Release|Mixed Platforms.Build.0 = Release|x86
		{9C533498-7BD7-4234-9201-197082957A50}.Release|x86.ActiveCfg = Release|x86
		{9C533498-7BD7-4234-9201-197082957A50}.Release|x86.Build.0 = Release|x86
		{9C533498-7BD7-4234-9201-197082957A50}.Release|Xbox 360.ActiveCfg = Release|x86
		{08EC1204-8546-4A5F-BB7E-91856FA76D3F}.Debug|Any CPU.ActiveCfg = Debug|Xbox 360
		{08EC1204-8546-4A5F-BB7E-91856FA76D3F}.Debug|Mixed Platforms.ActiveCfg = Debug|Xbox 360
		{08EC1204-8546-4A5F-BB7E-91856FA76D3F}.Debug|Mixed Platforms.Build.0 = Debug|Xbox 360
		{08EC1204-8546-4A5F-BB7E-91856FA76D3F}.Debug|Mixed Platforms.Deploy.0 = Debug|Xbox 360
		{08EC1204-8546-4A5F-BB7E-91856FA76D3F}.Debug|x86.ActiveCfg = Debug|Xbox 360
		{08EC1204-8546-4A5F-BB7E-91856FA76D3F}.Debug|Xbox 360.ActiveCfg = Debug|Xbox 360
		{08EC1204-8546-4A5F-BB7E-91856FA76D3F}.Debug|Xbox 360.Build.0 = Debug|Xbox 360
		{08EC1204-8546-4A5F-BB7E-91856FA76D3F}.Debug|Xbox 360.Deploy.0 = Debug|Xbox 360
		{08EC1204-8546-4A5F-BB7E-91856FA76D3F}.Release|Any CPU.ActiveCfg = Release|Xbox 360
		{08EC1204-8546-4A5F-BB7E-91856FA76D3F}.Release|Mixed Platforms.ActiveCfg = Release|Xbox 360
		{08EC1204-8546-4A5F-BB7E-91856FA76D3F}.Release|Mixed Platforms.Build.0 = Release|Xbox 360
		{08EC1204-8546-4A5F-BB7E-91856FA76D3F}.Release|Mixed Platforms.Deploy.0 = Release|Xbox 360
		{08EC1204-8546-4A5F-BB7E-91856FA76D3F}.Release|x86.ActiveCfg = Release|Xbox 360
		{08EC1204-8546-4A5F-BB7E-91856FA76D3F}.Release|Xbox 360.ActiveCfg = Release|Xbox 360
		{08EC1204-8546-4A5F-BB7E-91856FA76D3F}.Release|Xbox 360.Build.0 = Release|Xbox 360
		{08EC1204-8546-4A5F-BB7E-91856FA76D3F}.Release|Xbox 360.Deploy.0 = Release|Xbox 360
		{3C4746FC-201B-45CF-BBA0-6DB224B3489F}.Debug|Any CPU.ActiveCfg = Debug|x86
		{3C4746FC-201B-45CF-BBA0-6DB224B3489F}.Debug|Mixed Platforms.ActiveCfg = Debug|x86
		{3C4746FC-201B-45CF-BBA0-6DB224B3489F}.Debug|x86.ActiveCfg = Debug|x86
		{3C4746FC-201B-45CF-BBA0-6DB224B3489F}.Debug|Xbox 360.ActiveCfg = Debug|x86
		{3C4746FC-201B-45CF-BBA0-6DB224B3489F}.Release|Any CPU.ActiveCfg = Release|x86
		{3C4746FC-201B-45CF-BBA0-6DB224B3489F}.Release|Mixed Platforms.ActiveCfg = Release|x86
		{3C4746FC-201B-45CF-BBA0-6DB224B3489F}.Release|x86.ActiveCfg = Release|x86
		{3C4746FC-201B-45CF-BBA0-6DB224B3489F}.Release|Xbox 360.ActiveCfg = Release|x86
		{36463AEE-E309-43A6-BCFA-A69944390AF0}.Debug|Any CPU.ActiveCfg = Debug|x86
		{36463AEE-E309-43A6-BCFA-A69944390AF0}.Debug|Any CPU.Build.0 = Debug|x86
		{36463AEE-E309-43A6-BCFA-A69944390AF0}.Debug|Mixed Platforms.ActiveCfg = Debug|x86
		{36463AEE-E309-43A6-BCFA-A69944390AF0}.Debug|Mixed Platforms.Build.0 = Debug|x86
		{36463AEE-E309-43A6-BCFA-A69944390AF0}.Debug|x86.ActiveCfg = Debug|x86
		{36463AEE-E309-43A6-BCFA-A69944390AF0}.Debug|x86.Build.0 = Debug|x86
		{36463AEE-E309-43A6-BCFA-A69944390AF0}.Debug|Xbox 360.ActiveCfg = Debug|x86
		{36463AEE-E309-43A6-BCFA-A69944390AF0}.Debug|Xbox 360.Build.0 = Debug|x86
		{36463AEE-E309-43A6-BCFA-A69944390AF0}.Release|Any CPU.ActiveCfg = Release|x86
		{36463AEE-E309-43A6-BCFA-A69944390AF0}.Release|Mixed Platforms.ActiveCfg = Release|x86
		{36463AEE-E309-43A6-BCFA-A69944390AF0}.Release|Mixed Platforms.Build.0 = Release|x86
		{36463AEE-E309-43A6-BCFA-A69944390AF0}.Release|x86.ActiveCfg = Release|x86
		{36463AEE-E309-43A6-BCFA-A69944390AF0}.Release|x86.Build.0 = Release|x86
		{36463AEE-E309-43A6-BCFA-A69944390AF0}.Release|Xbox 360.ActiveCfg = Release|x86
		{EF3AB911-91B9-4C49-857F-EAD54C9BD46E}.Debug|Any CPU.ActiveCfg = Debug|x86
		{EF3AB911-91B9-4C49-857F-EAD54C9BD46E}.Debug|Mixed Platforms.ActiveCfg = Debug|x86
		{EF3AB911-91B9-4C49-857F-EAD54C9BD46E}.Debug|x86.ActiveCfg = Debug|x86
		{EF3AB911-91B9-4C49-857F-EAD54C9BD46E}.Debug|Xbox 360.ActiveCfg = Debug|x86
		{EF3AB911-91B9-4C49-857F-EAD54C9BD46E}.Release|Any CPU.ActiveCfg = Release|x86
		{EF3AB911-91B9-4C49-857F-EAD54C9BD46E}.Release|Mixed Platforms.ActiveCfg = Release|x86
		{EF3AB911-91B9-4C49-857F-EAD54C9BD46E}.Release|x86.ActiveCfg = Release|x86
		{EF3AB911-91B9-4C49-857F-EAD54C9BD46E}.Release|Xbox 360.ActiveCfg = Release|x86
		{79D3EA69-8C39-4A76-B9A6-8D7F443097E0}.Debug|Any CPU.ActiveCfg = Debug|Xbox 360
		{79D3EA69-8C39-4A76-B9A6-8D7F443097E0}.Debug|Mixed Platforms.ActiveCfg = Debug|Xbox 360
		{79D3EA69-8C39-4A76-B9A6-8D7F443097E0}.Debug|Mixed Platforms.Build.0 = Debug|Xbox 360
		{79D3EA69-8C39-4A76-B9A6-8D7F443097E0}.Debug|x86.ActiveCfg = Debug|Xbox 360
		{79D3EA69-8C39-4A76-B9A6-8D7F443097E0}.Debug|Xbox 360.ActiveCfg = Debug|Xbox 360
		{79D3EA69-8C39-4A76-B9A6-8D7F443097E0}.Debug|Xbox 360.Build.0 = Debug|Xbox 360
		{79D3EA69-8C39-4A76-B9A6-8D7F443097E0}.Release|Any CPU.ActiveCfg = Release|Xbox 360
		{79D3EA69-8C39-4A76-B9A6-8D7F443097E0}.Release|Mixed Platforms.ActiveCfg = Release|Xbox 360
		{79D3EA69-8C39-4A76-B9A6-8D7F443097E0}.Release|Mixed Platforms.Build.0 = Release|Xbox 360
		{79D3EA69-8C39-4A76-B9A6-8D7F443097E0}.Release|x86.ActiveCfg = Release|Xbox 360
		{79D3EA69-8C39-4A76-B9A6-8D7F443097E0}.Release|Xbox 360.ActiveCfg = Release|Xbox 360
		{79D3EA69-8C39-4A76-B9A6-8D7F443097E0}.Release|Xbox 360.Build.0 = Release|Xbox 360
		{6C518754-C6CD-4094-94C2-E624B7F4E5B3}.Debug|Any CPU.ActiveCfg = Debug|Any CPU
		{6C518754-C6CD-4094-94C2-E624B7F4E5B3}.Debug|Any CPU.Build.0 = Debug|Any CPU
		{6C518754-C6CD-4094-94C2-E624B7F4E5B3}.Debug|Mixed Platforms.ActiveCfg = Debug|Any CPU
		{6C518754-C6CD-4094-94C2-E624B7F4E5B3}.Debug|Mixed Platforms.Build.0 = Debug|Any CPU
		{6C518754-C6CD-4094-94C2-E624B7F4E5B3}.Debug|x86.ActiveCfg = Debug|x86
		{6C518754-C6CD-4094-94C2-E624B7F4E5B3}.Debug|x86.Build.0 = Debug|x86
		{6C518754-C6CD-4094-94C2-E624B7F4E5B3}.Debug|Xbox 360.ActiveCfg = Debug|Any CPU
		{6C518754-C6CD-4094-94C2-E624B7F4E5B3}.Release|Any CPU.ActiveCfg = Release|Any CPU
		{6C518754-C6CD-4094-94C2-E624B7F4E5B3}.Release|Any CPU.Build.0 = Release|Any CPU
		{6C518754-C6CD-4094-94C2-E624B7F4E5B3}.Release|Mixed Platforms.ActiveCfg = Release|Any CPU
		{6C518754-C6CD-4094-94C2-E624B7F4E5B3}.Release|Mixed Platforms.Build.0 = Release|Any CPU
		{6C518754-C6CD-4094-94C2-E624B7F4E5B3}.Release|x86.ActiveCfg = Release|Any CPU
		{6C518754-C6CD-4094-94C2-E624B7F4E5B3}.Release|Xbox 360.ActiveCfg = Release|Any CPU
	EndGlobalSection
	GlobalSection(SolutionProperties) = preSolution
		HideSolutionNode = FALSE
	EndGlobalSection
EndGlobal
