
Microsoft Visual Studio Solution File, Format Version 10.00
# Visual C# Express 2008
Project("{FAE04EC0-301F-11D3-BF4B-00C04F79EFBC}") = "TaskLib", "TaskLib\TaskLib.csproj", "{173ABDCA-7278-46FF-A300-D3BF8CCEF181}"
EndProject
Project("{FAE04EC0-301F-11D3-BF4B-00C04F79EFBC}") = "TelnetChatServer", "Examples\TelnetChatServer\TelnetChatServer.csproj", "{CAF883E1-28D4-45C1-AF73-2E2BAA439390}"
EndProject
Project("{FAE04EC0-301F-11D3-BF4B-00C04F79EFBC}") = "TelnetChatBot", "Examples\TelnetChatBot\TelnetChatBot.csproj", "{F0915EA9-A52F-4EAA-A3AA-7D992B3F6AED}"
EndProject
Project("{FAE04EC0-301F-11D3-BF4B-00C04F79EFBC}") = "MUDServer", "Examples\MUDServer\MUDServer.csproj", "{624F0727-FB9E-4BC1-972E-6E26CDA66479}"
EndProject
Project("{FAE04EC0-301F-11D3-BF4B-00C04F79EFBC}") = "TaskLibTests", "TaskLib\TaskLibTests\TaskLibTests.csproj", "{9A7399F1-4410-4A4B-A04A-EC25D06FF244}"
EndProject
Project("{FAE04EC0-301F-11D3-BF4B-00C04F79EFBC}") = "MUDServerTests", "Examples\MUDServer\MUDServerTests\MUDServerTests.csproj", "{FCBD4043-43A8-494E-948F-8F0C8ED979AE}"
EndProject
Project("{FAE04EC0-301F-11D3-BF4B-00C04F79EFBC}") = "Util", "Util\Util.csproj", "{D7F549CF-E0A6-491C-A78C-ECAB590BB2A7}"
EndProject
Project("{FAE04EC0-301F-11D3-BF4B-00C04F79EFBC}") = "UtilTests", "Util\UtilTests\UtilTests.csproj", "{4A2F0B6A-5A15-421B-B541-0639CCCB62B7}"
EndProject
Project("{FAE04EC0-301F-11D3-BF4B-00C04F79EFBC}") = "FramerateTest", "..\Tests\FramerateTest\FramerateTest.csproj", "{8B0C311A-A53F-4AFB-926C-EAF8F2A014FF}"
EndProject
Project("{FAE04EC0-301F-11D3-BF4B-00C04F79EFBC}") = "CurveTest", "CurveTest\CurveTest.csproj", "{3DCFF220-7400-4558-BDB3-2EF658990954}"
EndProject
Project("{FAE04EC0-301F-11D3-BF4B-00C04F79EFBC}") = "Render", "Render\Render.csproj", "{EF259ADB-0012-4475-A993-70CC894FB4B7}"
EndProject
Project("{FAE04EC0-301F-11D3-BF4B-00C04F79EFBC}") = "Content", "..\Tests\Content\Content.csproj", "{32D099FD-7CB4-4AB5-9FB2-6655D70D580C}"
EndProject
Project("{FAE04EC0-301F-11D3-BF4B-00C04F79EFBC}") = "TaskLib360", "360\TaskLib360\TaskLib360.csproj", "{9B3BBCFC-E5BB-40E3-ADEA-C88DDF2140C9}"
EndProject
Project("{FAE04EC0-301F-11D3-BF4B-00C04F79EFBC}") = "Util360", "360\Util360\Util360.csproj", "{BE3F46D8-C55A-4AC4-BCA7-D5CF9F3668E6}"
EndProject
Global
	GlobalSection(SolutionConfigurationPlatforms) = preSolution
		Debug|Any CPU = Debug|Any CPU
		Debug|Mixed Platforms = Debug|Mixed Platforms
		Debug|x86 = Debug|x86
		Debug|Xbox 360 = Debug|Xbox 360
		Release|Any CPU = Release|Any CPU
		Release|Mixed Platforms = Release|Mixed Platforms
		Release|x86 = Release|x86
		Release|Xbox 360 = Release|Xbox 360
	EndGlobalSection
	GlobalSection(ProjectConfigurationPlatforms) = postSolution
		{173ABDCA-7278-46FF-A300-D3BF8CCEF181}.Debug|Any CPU.ActiveCfg = Debug|Any CPU
		{173ABDCA-7278-46FF-A300-D3BF8CCEF181}.Debug|Any CPU.Build.0 = Debug|Any CPU
		{173ABDCA-7278-46FF-A300-D3BF8CCEF181}.Debug|Mixed Platforms.ActiveCfg = Debug|Any CPU
		{173ABDCA-7278-46FF-A300-D3BF8CCEF181}.Debug|Mixed Platforms.Build.0 = Debug|Any CPU
		{173ABDCA-7278-46FF-A300-D3BF8CCEF181}.Debug|x86.ActiveCfg = Debug|Any CPU
		{173ABDCA-7278-46FF-A300-D3BF8CCEF181}.Debug|Xbox 360.ActiveCfg = Debug|Any CPU
		{173ABDCA-7278-46FF-A300-D3BF8CCEF181}.Release|Any CPU.ActiveCfg = Release|Any CPU
		{173ABDCA-7278-46FF-A300-D3BF8CCEF181}.Release|Any CPU.Build.0 = Release|Any CPU
		{173ABDCA-7278-46FF-A300-D3BF8CCEF181}.Release|Mixed Platforms.ActiveCfg = Release|Any CPU
		{173ABDCA-7278-46FF-A300-D3BF8CCEF181}.Release|Mixed Platforms.Build.0 = Release|Any CPU
		{173ABDCA-7278-46FF-A300-D3BF8CCEF181}.Release|x86.ActiveCfg = Release|Any CPU
		{173ABDCA-7278-46FF-A300-D3BF8CCEF181}.Release|Xbox 360.ActiveCfg = Release|Any CPU
		{CAF883E1-28D4-45C1-AF73-2E2BAA439390}.Debug|Any CPU.ActiveCfg = Debug|Any CPU
		{CAF883E1-28D4-45C1-AF73-2E2BAA439390}.Debug|Any CPU.Build.0 = Debug|Any CPU
		{CAF883E1-28D4-45C1-AF73-2E2BAA439390}.Debug|Mixed Platforms.ActiveCfg = Debug|Any CPU
		{CAF883E1-28D4-45C1-AF73-2E2BAA439390}.Debug|Mixed Platforms.Build.0 = Debug|Any CPU
		{CAF883E1-28D4-45C1-AF73-2E2BAA439390}.Debug|x86.ActiveCfg = Debug|Any CPU
		{CAF883E1-28D4-45C1-AF73-2E2BAA439390}.Debug|Xbox 360.ActiveCfg = Debug|Any CPU
		{CAF883E1-28D4-45C1-AF73-2E2BAA439390}.Release|Any CPU.ActiveCfg = Release|Any CPU
		{CAF883E1-28D4-45C1-AF73-2E2BAA439390}.Release|Any CPU.Build.0 = Release|Any CPU
		{CAF883E1-28D4-45C1-AF73-2E2BAA439390}.Release|Mixed Platforms.ActiveCfg = Release|Any CPU
		{CAF883E1-28D4-45C1-AF73-2E2BAA439390}.Release|Mixed Platforms.Build.0 = Release|Any CPU
		{CAF883E1-28D4-45C1-AF73-2E2BAA439390}.Release|x86.ActiveCfg = Release|Any CPU
		{CAF883E1-28D4-45C1-AF73-2E2BAA439390}.Release|Xbox 360.ActiveCfg = Release|Any CPU
		{F0915EA9-A52F-4EAA-A3AA-7D992B3F6AED}.Debug|Any CPU.ActiveCfg = Debug|Any CPU
		{F0915EA9-A52F-4EAA-A3AA-7D992B3F6AED}.Debug|Any CPU.Build.0 = Debug|Any CPU
		{F0915EA9-A52F-4EAA-A3AA-7D992B3F6AED}.Debug|Mixed Platforms.ActiveCfg = Debug|Any CPU
		{F0915EA9-A52F-4EAA-A3AA-7D992B3F6AED}.Debug|Mixed Platforms.Build.0 = Debug|Any CPU
		{F0915EA9-A52F-4EAA-A3AA-7D992B3F6AED}.Debug|x86.ActiveCfg = Debug|Any CPU
		{F0915EA9-A52F-4EAA-A3AA-7D992B3F6AED}.Debug|Xbox 360.ActiveCfg = Debug|Any CPU
		{F0915EA9-A52F-4EAA-A3AA-7D992B3F6AED}.Release|Any CPU.ActiveCfg = Release|Any CPU
		{F0915EA9-A52F-4EAA-A3AA-7D992B3F6AED}.Release|Any CPU.Build.0 = Release|Any CPU
		{F0915EA9-A52F-4EAA-A3AA-7D992B3F6AED}.Release|Mixed Platforms.ActiveCfg = Release|Any CPU
		{F0915EA9-A52F-4EAA-A3AA-7D992B3F6AED}.Release|Mixed Platforms.Build.0 = Release|Any CPU
		{F0915EA9-A52F-4EAA-A3AA-7D992B3F6AED}.Release|x86.ActiveCfg = Release|Any CPU
		{F0915EA9-A52F-4EAA-A3AA-7D992B3F6AED}.Release|Xbox 360.ActiveCfg = Release|Any CPU
		{624F0727-FB9E-4BC1-972E-6E26CDA66479}.Debug|Any CPU.ActiveCfg = Debug|Any CPU
		{624F0727-FB9E-4BC1-972E-6E26CDA66479}.Debug|Any CPU.Build.0 = Debug|Any CPU
		{624F0727-FB9E-4BC1-972E-6E26CDA66479}.Debug|Mixed Platforms.ActiveCfg = Debug|Any CPU
		{624F0727-FB9E-4BC1-972E-6E26CDA66479}.Debug|Mixed Platforms.Build.0 = Debug|Any CPU
		{624F0727-FB9E-4BC1-972E-6E26CDA66479}.Debug|x86.ActiveCfg = Debug|Any CPU
		{624F0727-FB9E-4BC1-972E-6E26CDA66479}.Debug|Xbox 360.ActiveCfg = Debug|Any CPU
		{624F0727-FB9E-4BC1-972E-6E26CDA66479}.Release|Any CPU.ActiveCfg = Release|Any CPU
		{624F0727-FB9E-4BC1-972E-6E26CDA66479}.Release|Any CPU.Build.0 = Release|Any CPU
		{624F0727-FB9E-4BC1-972E-6E26CDA66479}.Release|Mixed Platforms.ActiveCfg = Release|Any CPU
		{624F0727-FB9E-4BC1-972E-6E26CDA66479}.Release|Mixed Platforms.Build.0 = Release|Any CPU
		{624F0727-FB9E-4BC1-972E-6E26CDA66479}.Release|x86.ActiveCfg = Release|Any CPU
		{624F0727-FB9E-4BC1-972E-6E26CDA66479}.Release|Xbox 360.ActiveCfg = Release|Any CPU
		{9A7399F1-4410-4A4B-A04A-EC25D06FF244}.Debug|Any CPU.ActiveCfg = Debug|Any CPU
		{9A7399F1-4410-4A4B-A04A-EC25D06FF244}.Debug|Any CPU.Build.0 = Debug|Any CPU
		{9A7399F1-4410-4A4B-A04A-EC25D06FF244}.Debug|Mixed Platforms.ActiveCfg = Debug|Any CPU
		{9A7399F1-4410-4A4B-A04A-EC25D06FF244}.Debug|Mixed Platforms.Build.0 = Debug|Any CPU
		{9A7399F1-4410-4A4B-A04A-EC25D06FF244}.Debug|x86.ActiveCfg = Debug|Any CPU
		{9A7399F1-4410-4A4B-A04A-EC25D06FF244}.Debug|Xbox 360.ActiveCfg = Debug|Any CPU
		{9A7399F1-4410-4A4B-A04A-EC25D06FF244}.Release|Any CPU.ActiveCfg = Release|Any CPU
		{9A7399F1-4410-4A4B-A04A-EC25D06FF244}.Release|Any CPU.Build.0 = Release|Any CPU
		{9A7399F1-4410-4A4B-A04A-EC25D06FF244}.Release|Mixed Platforms.ActiveCfg = Release|Any CPU
		{9A7399F1-4410-4A4B-A04A-EC25D06FF244}.Release|Mixed Platforms.Build.0 = Release|Any CPU
		{9A7399F1-4410-4A4B-A04A-EC25D06FF244}.Release|x86.ActiveCfg = Release|Any CPU
		{9A7399F1-4410-4A4B-A04A-EC25D06FF244}.Release|Xbox 360.ActiveCfg = Release|Any CPU
		{FCBD4043-43A8-494E-948F-8F0C8ED979AE}.Debug|Any CPU.ActiveCfg = Debug|Any CPU
		{FCBD4043-43A8-494E-948F-8F0C8ED979AE}.Debug|Any CPU.Build.0 = Debug|Any CPU
		{FCBD4043-43A8-494E-948F-8F0C8ED979AE}.Debug|Mixed Platforms.ActiveCfg = Debug|Any CPU
		{FCBD4043-43A8-494E-948F-8F0C8ED979AE}.Debug|Mixed Platforms.Build.0 = Debug|Any CPU
		{FCBD4043-43A8-494E-948F-8F0C8ED979AE}.Debug|x86.ActiveCfg = Debug|Any CPU
		{FCBD4043-43A8-494E-948F-8F0C8ED979AE}.Debug|Xbox 360.ActiveCfg = Debug|Any CPU
		{FCBD4043-43A8-494E-948F-8F0C8ED979AE}.Release|Any CPU.ActiveCfg = Release|Any CPU
		{FCBD4043-43A8-494E-948F-8F0C8ED979AE}.Release|Any CPU.Build.0 = Release|Any CPU
		{FCBD4043-43A8-494E-948F-8F0C8ED979AE}.Release|Mixed Platforms.ActiveCfg = Release|Any CPU
		{FCBD4043-43A8-494E-948F-8F0C8ED979AE}.Release|Mixed Platforms.Build.0 = Release|Any CPU
		{FCBD4043-43A8-494E-948F-8F0C8ED979AE}.Release|x86.ActiveCfg = Release|Any CPU
		{FCBD4043-43A8-494E-948F-8F0C8ED979AE}.Release|Xbox 360.ActiveCfg = Release|Any CPU
		{D7F549CF-E0A6-491C-A78C-ECAB590BB2A7}.Debug|Any CPU.ActiveCfg = Debug|Any CPU
		{D7F549CF-E0A6-491C-A78C-ECAB590BB2A7}.Debug|Any CPU.Build.0 = Debug|Any CPU
		{D7F549CF-E0A6-491C-A78C-ECAB590BB2A7}.Debug|Mixed Platforms.ActiveCfg = Debug|Any CPU
		{D7F549CF-E0A6-491C-A78C-ECAB590BB2A7}.Debug|Mixed Platforms.Build.0 = Debug|Any CPU
		{D7F549CF-E0A6-491C-A78C-ECAB590BB2A7}.Debug|x86.ActiveCfg = Debug|Any CPU
		{D7F549CF-E0A6-491C-A78C-ECAB590BB2A7}.Debug|Xbox 360.ActiveCfg = Debug|Any CPU
		{D7F549CF-E0A6-491C-A78C-ECAB590BB2A7}.Release|Any CPU.ActiveCfg = Release|Any CPU
		{D7F549CF-E0A6-491C-A78C-ECAB590BB2A7}.Release|Any CPU.Build.0 = Release|Any CPU
		{D7F549CF-E0A6-491C-A78C-ECAB590BB2A7}.Release|Mixed Platforms.ActiveCfg = Release|Any CPU
		{D7F549CF-E0A6-491C-A78C-ECAB590BB2A7}.Release|Mixed Platforms.Build.0 = Release|Any CPU
		{D7F549CF-E0A6-491C-A78C-ECAB590BB2A7}.Release|x86.ActiveCfg = Release|Any CPU
		{D7F549CF-E0A6-491C-A78C-ECAB590BB2A7}.Release|Xbox 360.ActiveCfg = Release|Any CPU
		{4A2F0B6A-5A15-421B-B541-0639CCCB62B7}.Debug|Any CPU.ActiveCfg = Debug|Any CPU
		{4A2F0B6A-5A15-421B-B541-0639CCCB62B7}.Debug|Any CPU.Build.0 = Debug|Any CPU
		{4A2F0B6A-5A15-421B-B541-0639CCCB62B7}.Debug|Mixed Platforms.ActiveCfg = Debug|Any CPU
		{4A2F0B6A-5A15-421B-B541-0639CCCB62B7}.Debug|Mixed Platforms.Build.0 = Debug|Any CPU
		{4A2F0B6A-5A15-421B-B541-0639CCCB62B7}.Debug|x86.ActiveCfg = Debug|Any CPU
		{4A2F0B6A-5A15-421B-B541-0639CCCB62B7}.Debug|Xbox 360.ActiveCfg = Debug|Any CPU
		{4A2F0B6A-5A15-421B-B541-0639CCCB62B7}.Release|Any CPU.ActiveCfg = Release|Any CPU
		{4A2F0B6A-5A15-421B-B541-0639CCCB62B7}.Release|Any CPU.Build.0 = Release|Any CPU
		{4A2F0B6A-5A15-421B-B541-0639CCCB62B7}.Release|Mixed Platforms.ActiveCfg = Release|Any CPU
		{4A2F0B6A-5A15-421B-B541-0639CCCB62B7}.Release|Mixed Platforms.Build.0 = Release|Any CPU
		{4A2F0B6A-5A15-421B-B541-0639CCCB62B7}.Release|x86.ActiveCfg = Release|Any CPU
		{4A2F0B6A-5A15-421B-B541-0639CCCB62B7}.Release|Xbox 360.ActiveCfg = Release|Any CPU
		{8B0C311A-A53F-4AFB-926C-EAF8F2A014FF}.Debug|Any CPU.ActiveCfg = Debug|Any CPU
		{8B0C311A-A53F-4AFB-926C-EAF8F2A014FF}.Debug|Any CPU.Build.0 = Debug|Any CPU
		{8B0C311A-A53F-4AFB-926C-EAF8F2A014FF}.Debug|Mixed Platforms.ActiveCfg = Debug|Any CPU
		{8B0C311A-A53F-4AFB-926C-EAF8F2A014FF}.Debug|Mixed Platforms.Build.0 = Debug|Any CPU
		{8B0C311A-A53F-4AFB-926C-EAF8F2A014FF}.Debug|x86.ActiveCfg = Debug|Any CPU
		{8B0C311A-A53F-4AFB-926C-EAF8F2A014FF}.Debug|Xbox 360.ActiveCfg = Debug|Any CPU
		{8B0C311A-A53F-4AFB-926C-EAF8F2A014FF}.Release|Any CPU.ActiveCfg = Release|Any CPU
		{8B0C311A-A53F-4AFB-926C-EAF8F2A014FF}.Release|Any CPU.Build.0 = Release|Any CPU
		{8B0C311A-A53F-4AFB-926C-EAF8F2A014FF}.Release|Mixed Platforms.ActiveCfg = Release|Any CPU
		{8B0C311A-A53F-4AFB-926C-EAF8F2A014FF}.Release|Mixed Platforms.Build.0 = Release|Any CPU
		{8B0C311A-A53F-4AFB-926C-EAF8F2A014FF}.Release|x86.ActiveCfg = Release|Any CPU
		{8B0C311A-A53F-4AFB-926C-EAF8F2A014FF}.Release|Xbox 360.ActiveCfg = Release|Any CPU
		{3DCFF220-7400-4558-BDB3-2EF658990954}.Debug|Any CPU.ActiveCfg = Debug|Any CPU
		{3DCFF220-7400-4558-BDB3-2EF658990954}.Debug|Any CPU.Build.0 = Debug|Any CPU
		{3DCFF220-7400-4558-BDB3-2EF658990954}.Debug|Mixed Platforms.ActiveCfg = Debug|Any CPU
		{3DCFF220-7400-4558-BDB3-2EF658990954}.Debug|Mixed Platforms.Build.0 = Debug|Any CPU
		{3DCFF220-7400-4558-BDB3-2EF658990954}.Debug|x86.ActiveCfg = Debug|Any CPU
		{3DCFF220-7400-4558-BDB3-2EF658990954}.Debug|Xbox 360.ActiveCfg = Debug|Any CPU
		{3DCFF220-7400-4558-BDB3-2EF658990954}.Release|Any CPU.ActiveCfg = Release|Any CPU
		{3DCFF220-7400-4558-BDB3-2EF658990954}.Release|Any CPU.Build.0 = Release|Any CPU
		{3DCFF220-7400-4558-BDB3-2EF658990954}.Release|Mixed Platforms.ActiveCfg = Release|Any CPU
		{3DCFF220-7400-4558-BDB3-2EF658990954}.Release|Mixed Platforms.Build.0 = Release|Any CPU
		{3DCFF220-7400-4558-BDB3-2EF658990954}.Release|x86.ActiveCfg = Release|Any CPU
		{3DCFF220-7400-4558-BDB3-2EF658990954}.Release|Xbox 360.ActiveCfg = Release|Any CPU
		{EF259ADB-0012-4475-A993-70CC894FB4B7}.Debug|Any CPU.ActiveCfg = Debug|Any CPU
		{EF259ADB-0012-4475-A993-70CC894FB4B7}.Debug|Any CPU.Build.0 = Debug|Any CPU
		{EF259ADB-0012-4475-A993-70CC894FB4B7}.Debug|Mixed Platforms.ActiveCfg = Debug|Any CPU
		{EF259ADB-0012-4475-A993-70CC894FB4B7}.Debug|Mixed Platforms.Build.0 = Debug|Any CPU
		{EF259ADB-0012-4475-A993-70CC894FB4B7}.Debug|x86.ActiveCfg = Debug|Any CPU
		{EF259ADB-0012-4475-A993-70CC894FB4B7}.Debug|Xbox 360.ActiveCfg = Debug|Any CPU
		{EF259ADB-0012-4475-A993-70CC894FB4B7}.Release|Any CPU.ActiveCfg = Release|Any CPU
		{EF259ADB-0012-4475-A993-70CC894FB4B7}.Release|Any CPU.Build.0 = Release|Any CPU
		{EF259ADB-0012-4475-A993-70CC894FB4B7}.Release|Mixed Platforms.ActiveCfg = Release|Any CPU
		{EF259ADB-0012-4475-A993-70CC894FB4B7}.Release|Mixed Platforms.Build.0 = Release|Any CPU
		{EF259ADB-0012-4475-A993-70CC894FB4B7}.Release|x86.ActiveCfg = Release|Any CPU
		{EF259ADB-0012-4475-A993-70CC894FB4B7}.Release|Xbox 360.ActiveCfg = Release|Any CPU
		{32D099FD-7CB4-4AB5-9FB2-6655D70D580C}.Debug|Any CPU.ActiveCfg = Debug|x86
		{32D099FD-7CB4-4AB5-9FB2-6655D70D580C}.Debug|Mixed Platforms.ActiveCfg = Debug|x86
		{32D099FD-7CB4-4AB5-9FB2-6655D70D580C}.Debug|Mixed Platforms.Build.0 = Debug|x86
		{32D099FD-7CB4-4AB5-9FB2-6655D70D580C}.Debug|x86.ActiveCfg = Debug|x86
		{32D099FD-7CB4-4AB5-9FB2-6655D70D580C}.Debug|x86.Build.0 = Debug|x86
		{32D099FD-7CB4-4AB5-9FB2-6655D70D580C}.Debug|Xbox 360.ActiveCfg = Debug|x86
		{32D099FD-7CB4-4AB5-9FB2-6655D70D580C}.Release|Any CPU.ActiveCfg = Release|x86
		{32D099FD-7CB4-4AB5-9FB2-6655D70D580C}.Release|Mixed Platforms.ActiveCfg = Release|x86
		{32D099FD-7CB4-4AB5-9FB2-6655D70D580C}.Release|Mixed Platforms.Build.0 = Release|x86
		{32D099FD-7CB4-4AB5-9FB2-6655D70D580C}.Release|x86.ActiveCfg = Release|x86
		{32D099FD-7CB4-4AB5-9FB2-6655D70D580C}.Release|x86.Build.0 = Release|x86
		{32D099FD-7CB4-4AB5-9FB2-6655D70D580C}.Release|Xbox 360.ActiveCfg = Release|x86
		{CB72770B-E5FB-46FF-AB99-AD6AA6341460}.Debug|Any CPU.ActiveCfg = Debug|x86
		{CB72770B-E5FB-46FF-AB99-AD6AA6341460}.Debug|Mixed Platforms.ActiveCfg = Debug|x86
		{CB72770B-E5FB-46FF-AB99-AD6AA6341460}.Debug|x86.ActiveCfg = Debug|x86
		{CB72770B-E5FB-46FF-AB99-AD6AA6341460}.Debug|Xbox 360.ActiveCfg = Debug|x86
		{CB72770B-E5FB-46FF-AB99-AD6AA6341460}.Release|Any CPU.ActiveCfg = Release|x86
		{CB72770B-E5FB-46FF-AB99-AD6AA6341460}.Release|Mixed Platforms.ActiveCfg = Release|x86
		{CB72770B-E5FB-46FF-AB99-AD6AA6341460}.Release|x86.ActiveCfg = Release|x86
		{CB72770B-E5FB-46FF-AB99-AD6AA6341460}.Release|Xbox 360.ActiveCfg = Release|x86
		{9B3BBCFC-E5BB-40E3-ADEA-C88DDF2140C9}.Debug|Any CPU.ActiveCfg = Debug|Xbox 360
		{9B3BBCFC-E5BB-40E3-ADEA-C88DDF2140C9}.Debug|Mixed Platforms.ActiveCfg = Debug|Xbox 360
		{9B3BBCFC-E5BB-40E3-ADEA-C88DDF2140C9}.Debug|Mixed Platforms.Build.0 = Debug|Xbox 360
		{9B3BBCFC-E5BB-40E3-ADEA-C88DDF2140C9}.Debug|x86.ActiveCfg = Debug|Xbox 360
		{9B3BBCFC-E5BB-40E3-ADEA-C88DDF2140C9}.Debug|Xbox 360.ActiveCfg = Debug|Xbox 360
		{9B3BBCFC-E5BB-40E3-ADEA-C88DDF2140C9}.Debug|Xbox 360.Build.0 = Debug|Xbox 360
		{9B3BBCFC-E5BB-40E3-ADEA-C88DDF2140C9}.Release|Any CPU.ActiveCfg = Release|Xbox 360
		{9B3BBCFC-E5BB-40E3-ADEA-C88DDF2140C9}.Release|Mixed Platforms.ActiveCfg = Release|Xbox 360
		{9B3BBCFC-E5BB-40E3-ADEA-C88DDF2140C9}.Release|Mixed Platforms.Build.0 = Release|Xbox 360
		{9B3BBCFC-E5BB-40E3-ADEA-C88DDF2140C9}.Release|x86.ActiveCfg = Release|Xbox 360
		{9B3BBCFC-E5BB-40E3-ADEA-C88DDF2140C9}.Release|Xbox 360.ActiveCfg = Release|Xbox 360
		{9B3BBCFC-E5BB-40E3-ADEA-C88DDF2140C9}.Release|Xbox 360.Build.0 = Release|Xbox 360
		{12A71823-5C3E-4E4C-8A8C-CD9E8C743D4E}.Debug|Any CPU.ActiveCfg = Debug|Xbox 360
		{12A71823-5C3E-4E4C-8A8C-CD9E8C743D4E}.Debug|Mixed Platforms.ActiveCfg = Debug|Xbox 360
		{12A71823-5C3E-4E4C-8A8C-CD9E8C743D4E}.Debug|x86.ActiveCfg = Debug|Xbox 360
		{12A71823-5C3E-4E4C-8A8C-CD9E8C743D4E}.Debug|Xbox 360.ActiveCfg = Debug|Xbox 360
		{12A71823-5C3E-4E4C-8A8C-CD9E8C743D4E}.Release|Any CPU.ActiveCfg = Release|Xbox 360
		{12A71823-5C3E-4E4C-8A8C-CD9E8C743D4E}.Release|Mixed Platforms.ActiveCfg = Release|Xbox 360
		{12A71823-5C3E-4E4C-8A8C-CD9E8C743D4E}.Release|x86.ActiveCfg = Release|Xbox 360
		{12A71823-5C3E-4E4C-8A8C-CD9E8C743D4E}.Release|Xbox 360.ActiveCfg = Release|Xbox 360
		{BE3F46D8-C55A-4AC4-BCA7-D5CF9F3668E6}.Debug|Any CPU.ActiveCfg = Debug|Xbox 360
		{BE3F46D8-C55A-4AC4-BCA7-D5CF9F3668E6}.Debug|Mixed Platforms.ActiveCfg = Debug|Xbox 360
		{BE3F46D8-C55A-4AC4-BCA7-D5CF9F3668E6}.Debug|Mixed Platforms.Build.0 = Debug|Xbox 360
		{BE3F46D8-C55A-4AC4-BCA7-D5CF9F3668E6}.Debug|x86.ActiveCfg = Debug|Xbox 360
		{BE3F46D8-C55A-4AC4-BCA7-D5CF9F3668E6}.Debug|Xbox 360.ActiveCfg = Debug|Xbox 360
		{BE3F46D8-C55A-4AC4-BCA7-D5CF9F3668E6}.Debug|Xbox 360.Build.0 = Debug|Xbox 360
		{BE3F46D8-C55A-4AC4-BCA7-D5CF9F3668E6}.Release|Any CPU.ActiveCfg = Release|Xbox 360
		{BE3F46D8-C55A-4AC4-BCA7-D5CF9F3668E6}.Release|Mixed Platforms.ActiveCfg = Release|Xbox 360
		{BE3F46D8-C55A-4AC4-BCA7-D5CF9F3668E6}.Release|Mixed Platforms.Build.0 = Release|Xbox 360
		{BE3F46D8-C55A-4AC4-BCA7-D5CF9F3668E6}.Release|x86.ActiveCfg = Release|Xbox 360
		{BE3F46D8-C55A-4AC4-BCA7-D5CF9F3668E6}.Release|Xbox 360.ActiveCfg = Release|Xbox 360
		{BE3F46D8-C55A-4AC4-BCA7-D5CF9F3668E6}.Release|Xbox 360.Build.0 = Release|Xbox 360
		{3E85EC8B-DAAE-404E-B152-34C147728E2A}.Debug|Any CPU.ActiveCfg = Debug|Xbox 360
		{3E85EC8B-DAAE-404E-B152-34C147728E2A}.Debug|Mixed Platforms.ActiveCfg = Debug|Xbox 360
		{3E85EC8B-DAAE-404E-B152-34C147728E2A}.Debug|x86.ActiveCfg = Debug|Xbox 360
		{3E85EC8B-DAAE-404E-B152-34C147728E2A}.Debug|Xbox 360.ActiveCfg = Debug|Xbox 360
		{3E85EC8B-DAAE-404E-B152-34C147728E2A}.Release|Any CPU.ActiveCfg = Release|Xbox 360
		{3E85EC8B-DAAE-404E-B152-34C147728E2A}.Release|Mixed Platforms.ActiveCfg = Release|Xbox 360
		{3E85EC8B-DAAE-404E-B152-34C147728E2A}.Release|x86.ActiveCfg = Release|Xbox 360
		{3E85EC8B-DAAE-404E-B152-34C147728E2A}.Release|Xbox 360.ActiveCfg = Release|Xbox 360
	EndGlobalSection
	GlobalSection(SolutionProperties) = preSolution
		HideSolutionNode = FALSE
	EndGlobalSection
EndGlobal
