
Microsoft Visual Studio Solution File, Format Version 10.00
# Visual C# Express 2008
Project("{FAE04EC0-301F-11D3-BF4B-00C04F79EFBC}") = "TaskLib", "TaskLib\TaskLib.csproj", "{173ABDCA-7278-46FF-A300-D3BF8CCEF181}"
EndProject
Project("{FAE04EC0-301F-11D3-BF4B-00C04F79EFBC}") = "TelnetChatServer", "Examples\TelnetChatServer\TelnetChatServer.csproj", "{CAF883E1-28D4-45C1-AF73-2E2BAA439390}"
EndProject
Global
	GlobalSection(SolutionConfigurationPlatforms) = preSolution
		Debug|Any CPU = Debug|Any CPU
		Release|Any CPU = Release|Any CPU
	EndGlobalSection
	GlobalSection(ProjectConfigurationPlatforms) = postSolution
		{173ABDCA-7278-46FF-A300-D3BF8CCEF181}.Debug|Any CPU.ActiveCfg = Debug|Any CPU
		{173ABDCA-7278-46FF-A300-D3BF8CCEF181}.Debug|Any CPU.Build.0 = Debug|Any CPU
		{173ABDCA-7278-46FF-A300-D3BF8CCEF181}.Release|Any CPU.ActiveCfg = Release|Any CPU
		{173ABDCA-7278-46FF-A300-D3BF8CCEF181}.Release|Any CPU.Build.0 = Release|Any CPU
		{CAF883E1-28D4-45C1-AF73-2E2BAA439390}.Debug|Any CPU.ActiveCfg = Debug|Any CPU
		{CAF883E1-28D4-45C1-AF73-2E2BAA439390}.Debug|Any CPU.Build.0 = Debug|Any CPU
		{CAF883E1-28D4-45C1-AF73-2E2BAA439390}.Release|Any CPU.ActiveCfg = Release|Any CPU
		{CAF883E1-28D4-45C1-AF73-2E2BAA439390}.Release|Any CPU.Build.0 = Release|Any CPU
	EndGlobalSection
	GlobalSection(SolutionProperties) = preSolution
		HideSolutionNode = FALSE
	EndGlobalSection
EndGlobal
